
Microsoft Visual Studio Solution File, Format Version 12.00
# Visual Studio Version 17
VisualStudioVersion = 17.10.34916.146
MinimumVisualStudioVersion = 10.0.40219.1
Project("{FAE04EC0-301F-11D3-BF4B-00C04F79EFBC}") = "back", "back.csproj", "{D7D097BC-D59D-4731-94AB-BA61BDEE0E05}"
EndProject
Global
	GlobalSection(SolutionConfigurationPlatforms) = preSolution
		Debug|Any CPU = Debug|Any CPU
		Release|Any CPU = Release|Any CPU
	EndGlobalSection
	GlobalSection(ProjectConfigurationPlatforms) = postSolution
		{D7D097BC-D59D-4731-94AB-BA61BDEE0E05}.Debug|Any CPU.ActiveCfg = Debug|Any CPU
		{D7D097BC-D59D-4731-94AB-BA61BDEE0E05}.Debug|Any CPU.Build.0 = Debug|Any CPU
		{D7D097BC-D59D-4731-94AB-BA61BDEE0E05}.Release|Any CPU.ActiveCfg = Release|Any CPU
		{D7D097BC-D59D-4731-94AB-BA61BDEE0E05}.Release|Any CPU.Build.0 = Release|Any CPU
	EndGlobalSection
	GlobalSection(SolutionProperties) = preSolution
		HideSolutionNode = FALSE
	EndGlobalSection
	GlobalSection(ExtensibilityGlobals) = postSolution
		SolutionGuid = {F8792E7F-9C49-4FE5-BDB0-D9600EE76001}
	EndGlobalSection
EndGlobal
