
Microsoft Visual Studio Solution File, Format Version 12.00
# Visual Studio Version 17
VisualStudioVersion = 17.10.34916.146
MinimumVisualStudioVersion = 10.0.40219.1
Project("{FAE04EC0-301F-11D3-BF4B-00C04F79EFBC}") = "Front", "Front\Front.csproj", "{1792F635-DA4E-4E35-B290-6E2CA7960094}"
EndProject
Project("{FAE04EC0-301F-11D3-BF4B-00C04F79EFBC}") = "Front.Client", "Front.Client\Front.Client.csproj", "{72EBA6A9-888E-4B10-B566-A91B15435FF0}"
EndProject
Global
	GlobalSection(SolutionConfigurationPlatforms) = preSolution
		Debug|Any CPU = Debug|Any CPU
		Release|Any CPU = Release|Any CPU
	EndGlobalSection
	GlobalSection(ProjectConfigurationPlatforms) = postSolution
		{1792F635-DA4E-4E35-B290-6E2CA7960094}.Debug|Any CPU.ActiveCfg = Debug|Any CPU
		{1792F635-DA4E-4E35-B290-6E2CA7960094}.Debug|Any CPU.Build.0 = Debug|Any CPU
		{1792F635-DA4E-4E35-B290-6E2CA7960094}.Release|Any CPU.ActiveCfg = Release|Any CPU
		{1792F635-DA4E-4E35-B290-6E2CA7960094}.Release|Any CPU.Build.0 = Release|Any CPU
		{72EBA6A9-888E-4B10-B566-A91B15435FF0}.Debug|Any CPU.ActiveCfg = Debug|Any CPU
		{72EBA6A9-888E-4B10-B566-A91B15435FF0}.Debug|Any CPU.Build.0 = Debug|Any CPU
		{72EBA6A9-888E-4B10-B566-A91B15435FF0}.Release|Any CPU.ActiveCfg = Release|Any CPU
		{72EBA6A9-888E-4B10-B566-A91B15435FF0}.Release|Any CPU.Build.0 = Release|Any CPU
	EndGlobalSection
	GlobalSection(SolutionProperties) = preSolution
		HideSolutionNode = FALSE
	EndGlobalSection
	GlobalSection(ExtensibilityGlobals) = postSolution
		SolutionGuid = {DF88A93B-E4DD-418D-A471-E518791D1560}
	EndGlobalSection
EndGlobal
